PODS:
  - OnyxCamera (6.0.4):
    - OpenCV (~> 3.4)
    - TensorFlowLiteObjC
  - OpenCV (3.4.6)
  - TensorFlowLiteC (2.2.0)
  - TensorFlowLiteObjC (2.2.0):
    - TensorFlowLiteC (= 2.2.0)

DEPENDENCIES:
  - OnyxCamera (~> 6.0.4)

SPEC REPOS:
  trunk:
    - OnyxCamera
    - OpenCV
    - TensorFlowLiteC
    - TensorFlowLiteObjC

SPEC CHECKSUMS:
  OnyxCamera: b383d81accbc72bb54393095ef640656c7435c91
  OpenCV: 1df7b8ab75900ef4365905b989bf60f5ca4101aa
  TensorFlowLiteC: b3ab9e867b0b71052ca102a32a786555b330b02e
  TensorFlowLiteObjC: 9adb471254e86ef81aa7d9d0d16743b8d853d95b

PODFILE CHECKSUM: a1fac50d205fdb7973e3b406e3db4eae95b1cd98

COCOAPODS: 1.9.3
