PODS:
  - OnyxCamera (5.4.1):
    - OpenCV (~> 3.4)
  - OpenCV (3.4.2)

DEPENDENCIES:
  - OnyxCamera (~> 5.4.1)

SPEC REPOS:
  trunk:
    - OnyxCamera
    - OpenCV

SPEC CHECKSUMS:
  OnyxCamera: 7c6ab490002bc9b482ffad021c377748e98dcc4c
  OpenCV: 452909747854c92e0f59670961ed5131f5286cb5

PODFILE CHECKSUM: ee9da9fec15a975fe9cd802fde0f51e6eb2be115

COCOAPODS: 1.8.4
